// !$*UTF8*$!
{
	archiveVersion = 1;
	classes = {
	};
	objectVersion = 70;
	objects = {

/* Begin PBXBuildFile section */
		1D1A2B2A2B1234567890ABCD /* ScrapApp.swift in Sources */ = {isa = PBXBuildFile; fileRef = 1D1A2B292B1234567890ABCD /* ScrapApp.swift */; };
		1D1A2B2C2B1234567890ABCE /* ContentView.swift in Sources */ = {isa = PBXBuildFile; fileRef = 1D1A2B2B2B1234567890ABCE /* ContentView.swift */; };
		1D1A2B2E2B1234567890ABCF /* Assets.xcassets in Resources */ = {isa = PBXBuildFile; fileRef = 1D1A2B2D2B1234567890ABCF /* Assets.xcassets */; };
		1D1A2B312B1234567890ABD0 /* Preview Assets.xcassets in Resources */ = {isa = PBXBuildFile; fileRef = 1D1A2B302B1234567890ABD0 /* Preview Assets.xcassets */; };
		AA304E792F6F72980054DD41 /* AnalyticsManager.swift in Sources */ = {isa = PBXBuildFile; fileRef = AA304E7A2F6F72980054DD41 /* AnalyticsManager.swift */; };
		BB304E782E6F72970054DD40 /* AmplitudeSwift in Frameworks */ = {isa = PBXBuildFile; productRef = BB304E772E6F72970054DD40 /* AmplitudeSwift */; };
		BB304E782E6F72970054DD42 /* AmplitudeSwiftSessionReplayPlugin in Frameworks */ = {isa = PBXBuildFile; productRef = BB304E772E6F72970054DD42 /* AmplitudeSwiftSessionReplayPlugin */; };
		BB304E7A2E6F9E750054DD40 /* GoogleService-Info.plist in Resources */ = {isa = PBXBuildFile; fileRef = BB304E792E6F9E750054DD40 /* GoogleService-Info.plist */; };
		BB304E7D2E6F9EEA0054DD40 /* FirebaseAuth in Frameworks */ = {isa = PBXBuildFile; productRef = BB304E7C2E6F9EEA0054DD40 /* FirebaseAuth */; };
		BB304E7F2E6F9EEA0054DD40 /* FirebaseCore in Frameworks */ = {isa = PBXBuildFile; productRef = BB304E7E2E6F9EEA0054DD40 /* FirebaseCore */; };
		BB304E812E6F9EEA0054DD40 /* FirebaseFirestore in Frameworks */ = {isa = PBXBuildFile; productRef = BB304E802E6F9EEA0054DD40 /* FirebaseFirestore */; };
		BB304E832E6F9F0A0054DD40 /* FirebaseFunctions in Frameworks */ = {isa = PBXBuildFile; productRef = BB304E822E6F9F0A0054DD40 /* FirebaseFunctions */; };
		BB304E852E6F9F0A0054DD40 /* FirebaseStorage in Frameworks */ = {isa = PBXBuildFile; productRef = BB304E842E6F9F0A0054DD40 /* FirebaseStorage */; };
		BB304E892E6FA8650054DD40 /* GoogleSignIn in Frameworks */ = {isa = PBXBuildFile; productRef = BB304E882E6FA8650054DD40 /* GoogleSignIn */; };
		BB304E8B2E6FA8650054DD40 /* GoogleSignInSwift in Frameworks */ = {isa = PBXBuildFile; productRef = BB304E8A2E6FA8650054DD40 /* GoogleSignInSwift */; };
		BB31A2B22E79FD69001D7C46 /* SpaceMono-Regular.ttf in Resources */ = {isa = PBXBuildFile; fileRef = BB31A2B02E79FD69001D7C46 /* SpaceMono-Regular.ttf */; };
		BB31A2B42E79FD69001D7C46 /* SpaceMono-Italic.ttf in Resources */ = {isa = PBXBuildFile; fileRef = BB31A2AF2E79FD69001D7C46 /* SpaceMono-Italic.ttf */; };
		BB31A2B52E79FD69001D7C46 /* SpaceMono-BoldItalic.ttf in Resources */ = {isa = PBXBuildFile; fileRef = BB31A2AE2E79FD69001D7C46 /* SpaceMono-BoldItalic.ttf */; };
		BB31A2B62E79FD69001D7C46 /* SpaceMono-Bold.ttf in Resources */ = {isa = PBXBuildFile; fileRef = BB31A2AD2E79FD69001D7C46 /* SpaceMono-Bold.ttf */; };
		BB31A2B72E79FD69001D7C46 /* SpaceMono-Regular.ttf in Resources */ = {isa = PBXBuildFile; fileRef = BB31A2B02E79FD69001D7C46 /* SpaceMono-Regular.ttf */; };
		BB31A2B92E79FD69001D7C46 /* SpaceMono-Italic.ttf in Resources */ = {isa = PBXBuildFile; fileRef = BB31A2AF2E79FD69001D7C46 /* SpaceMono-Italic.ttf */; };
		BB31A2BA2E79FD69001D7C46 /* SpaceMono-BoldItalic.ttf in Resources */ = {isa = PBXBuildFile; fileRef = BB31A2AE2E79FD69001D7C46 /* SpaceMono-BoldItalic.ttf */; };
		BB31A2BB2E79FD69001D7C46 /* SpaceMono-Bold.ttf in Resources */ = {isa = PBXBuildFile; fileRef = BB31A2AD2E79FD69001D7C46 /* SpaceMono-Bold.ttf */; };
		BBEF41E32E744FA00079202D /* WidgetKit.framework in Frameworks */ = {isa = PBXBuildFile; fileRef = BBEF41E22E744FA00079202D /* WidgetKit.framework */; };
		BBEF41E52E744FA00079202D /* SwiftUI.framework in Frameworks */ = {isa = PBXBuildFile; fileRef = BBEF41E42E744FA00079202D /* SwiftUI.framework */; };
		BBEF41F62E744FA10079202D /* ScrapWidgetExtension.appex in Embed Foundation Extensions */ = {isa = PBXBuildFile; fileRef = BBEF41E02E744FA00079202D /* ScrapWidgetExtension.appex */; settings = {ATTRIBUTES = (RemoveHeadersOnCopy, ); }; };
		BBEF426C2E76E0400079202D /* SpaceGrotesk-Medium.ttf in Resources */ = {isa = PBXBuildFile; fileRef = BBEF42642E76E0400079202D /* SpaceGrotesk-Medium.ttf */; };
		BBEF426D2E76E0400079202D /* SpaceGrotesk-Regular.ttf in Resources */ = {isa = PBXBuildFile; fileRef = BBEF42652E76E0400079202D /* SpaceGrotesk-Regular.ttf */; };
		BBEF426E2E76E0400079202D /* SpaceGrotesk-SemiBold.ttf in Resources */ = {isa = PBXBuildFile; fileRef = BBEF42662E76E0400079202D /* SpaceGrotesk-SemiBold.ttf */; };
		BBEF426F2E76E0400079202D /* SpaceGrotesk-Bold.ttf in Resources */ = {isa = PBXBuildFile; fileRef = BBEF42622E76E0400079202D /* SpaceGrotesk-Bold.ttf */; };
		BBEF42702E76E0400079202D /* SpaceGrotesk-VariableFont_wght.ttf in Resources */ = {isa = PBXBuildFile; fileRef = BBEF426A2E76E0400079202D /* SpaceGrotesk-VariableFont_wght.ttf */; };
		BBEF42712E76E0400079202D /* README.txt in Resources */ = {isa = PBXBuildFile; fileRef = BBEF42692E76E0400079202D /* README.txt */; };
		BBEF42722E76E0400079202D /* SpaceGrotesk-Light.ttf in Resources */ = {isa = PBXBuildFile; fileRef = BBEF42632E76E0400079202D /* SpaceGrotesk-Light.ttf */; };
		BBEF42742E76E0400079202D /* SpaceGrotesk-Medium.ttf in Resources */ = {isa = PBXBuildFile; fileRef = BBEF42642E76E0400079202D /* SpaceGrotesk-Medium.ttf */; };
		BBEF42752E76E0400079202D /* SpaceGrotesk-Regular.ttf in Resources */ = {isa = PBXBuildFile; fileRef = BBEF42652E76E0400079202D /* SpaceGrotesk-Regular.ttf */; };
		BBEF42762E76E0400079202D /* SpaceGrotesk-SemiBold.ttf in Resources */ = {isa = PBXBuildFile; fileRef = BBEF42662E76E0400079202D /* SpaceGrotesk-SemiBold.ttf */; };
		BBEF42772E76E0400079202D /* SpaceGrotesk-Bold.ttf in Resources */ = {isa = PBXBuildFile; fileRef = BBEF42622E76E0400079202D /* SpaceGrotesk-Bold.ttf */; };
		BBEF42782E76E0400079202D /* SpaceGrotesk-VariableFont_wght.ttf in Resources */ = {isa = PBXBuildFile; fileRef = BBEF426A2E76E0400079202D /* SpaceGrotesk-VariableFont_wght.ttf */; };
		BBEF42792E76E0400079202D /* README.txt in Resources */ = {isa = PBXBuildFile; fileRef = BBEF42692E76E0400079202D /* README.txt */; };
		BBEF427A2E76E0400079202D /* SpaceGrotesk-Light.ttf in Resources */ = {isa = PBXBuildFile; fileRef = BBEF42632E76E0400079202D /* SpaceGrotesk-Light.ttf */; };
		CB8B2374A7366A9664FA926D92 /* RichTextCore/CheckboxTextAttachment.swift in Sources */ = {isa = PBXBuildFile; fileRef = CB9C978ACDF7B3C5EE3AA9E274 /* RichTextCore/CheckboxTextAttachment.swift */; };
		CC304E7B3F6F72990054DD42 /* TestContentView.swift in Sources */ = {isa = PBXBuildFile; fileRef = CC304E7C3F6F72990054DD42 /* TestContentView.swift */; };
		DD304E862E6FA0000054DD42 /* FirebaseManager.swift in Sources */ = {isa = PBXBuildFile; fileRef = DD304E872E6FA0000054DD42 /* FirebaseManager.swift */; };
		DG37B0B88A72C027323CBED810 /* CoreGraphicsDebug.swift in Sources */ = {isa = PBXBuildFile; fileRef = DGBFEC794D87FF0597FBC1D270 /* CoreGraphicsDebug.swift */; };
		EE304E882E6FA1000054DD43 /* AuthenticationView.swift in Sources */ = {isa = PBXBuildFile; fileRef = EE304E892E6FA1000054DD43 /* AuthenticationView.swift */; };
		FF304E8A2E6FA2000054DD44 /* ChromaService.swift in Sources */ = {isa = PBXBuildFile; fileRef = FF304E8B2E6FA2000054DD44 /* ChromaService.swift */; };
		IA3B9BABEBD65C49F838AA4143 /* RichTextCore/RichTextInputAccessoryView.swift in Sources */ = {isa = PBXBuildFile; fileRef = IA0053424B563D671E01D14B43 /* RichTextCore/RichTextInputAccessoryView.swift */; };
		NEC114F946C8D24C74D23822B8 /* NoteEditor.swift in Sources */ = {isa = PBXBuildFile; fileRef = NE5DDCCFCC62BAA7EE7261D21F /* NoteEditor.swift */; };
		RC7762BA2291946641555033DE /* RichTextCore/RichTextEditor.swift in Sources */ = {isa = PBXBuildFile; fileRef = RC6691F824B3D8177B68116C03 /* RichTextCore/RichTextEditor.swift */; };
		RC7A674C6B95C322B02410EC74 /* RichTextCore/RichTextCoordinator.swift in Sources */ = {isa = PBXBuildFile; fileRef = RCE4FD307E47D569B669CE633A /* RichTextCore/RichTextCoordinator.swift */; };
		RCB7600E0A0B026201786F2131 /* RichTextCore/RichTextContext.swift in Sources */ = {isa = PBXBuildFile; fileRef = RCCABB85C9FF0BBEE223B3A7B5 /* RichTextCore/RichTextContext.swift */; };
		RTB79366E98E99 /* RichTextTransformer.swift in Sources */ = {isa = PBXBuildFile; fileRef = RT6C1C6BFA551F /* RichTextTransformer.swift */; };
		SM746984E3905E9248F740 /* SparkModels.swift in Sources */ = {isa = PBXBuildFile; fileRef = SM988B63B7218D59C335B7 /* SparkModels.swift */; };
		SS7CB67F2F072D9CA9AE6D /* SparkServices.swift in Sources */ = {isa = PBXBuildFile; fileRef = SS42E11169D5C6456E0538 /* SparkServices.swift */; };
		SVF04E28F0BE8081BFE5CDA262 /* SettingsView.swift in Sources */ = {isa = PBXBuildFile; fileRef = SVB8AD07F579355BFEA517EECE /* SettingsView.swift */; };
		TMF4A47D87D17E986129EC9426 /* ThemeManager.swift in Sources */ = {isa = PBXBuildFile; fileRef = TMC622226271474267E1D8B017 /* ThemeManager.swift */; };
		VSB265A2C19F0013D2789802D2 /* VectorSearchService.swift in Sources */ = {isa = PBXBuildFile; fileRef = VSBB8F96838EAF9CAB96FC412B /* VectorSearchService.swift */; };
		WV324054AB161F2E7C28E40AB1 /* RichTextCore/WaveformView.swift in Sources */ = {isa = PBXBuildFile; fileRef = WV4D495EF6CFBCA907B22BE841 /* RichTextCore/WaveformView.swift */; };
/* End PBXBuildFile section */

/* Begin PBXContainerItemProxy section */
		BBEF41F42E744FA10079202D /* PBXContainerItemProxy */ = {
			isa = PBXContainerItemProxy;
			containerPortal = 1D1A2B1E2B1234567890ABCA /* Project object */;
			proxyType = 1;
			remoteGlobalIDString = BBEF41DF2E744FA00079202D;
			remoteInfo = ScrapWidgetExtension;
		};
/* End PBXContainerItemProxy section */

/* Begin PBXCopyFilesBuildPhase section */
		BBEF41F72E744FA10079202D /* Embed Foundation Extensions */ = {
			isa = PBXCopyFilesBuildPhase;
			buildActionMask = 2147483647;
			dstPath = "";
			dstSubfolderSpec = 13;
			files = (
				BBEF41F62E744FA10079202D /* ScrapWidgetExtension.appex in Embed Foundation Extensions */,
			);
			name = "Embed Foundation Extensions";
			runOnlyForDeploymentPostprocessing = 0;
		};
/* End PBXCopyFilesBuildPhase section */

/* Begin PBXFileReference section */
		1D1A2B262B1234567890ABCC /* Scrap.app */ = {isa = PBXFileReference; explicitFileType = wrapper.application; includeInIndex = 0; path = Scrap.app; sourceTree = BUILT_PRODUCTS_DIR; };
		1D1A2B292B1234567890ABCD /* ScrapApp.swift */ = {isa = PBXFileReference; lastKnownFileType = sourcecode.swift; path = ScrapApp.swift; sourceTree = "<group>"; };
		1D1A2B2B2B1234567890ABCE /* ContentView.swift */ = {isa = PBXFileReference; lastKnownFileType = sourcecode.swift; path = ContentView.swift; sourceTree = "<group>"; };
		1D1A2B2D2B1234567890ABCF /* Assets.xcassets */ = {isa = PBXFileReference; lastKnownFileType = folder.assetcatalog; path = Assets.xcassets; sourceTree = "<group>"; };
		1D1A2B302B1234567890ABD0 /* Preview Assets.xcassets */ = {isa = PBXFileReference; lastKnownFileType = folder.assetcatalog; path = "Preview Assets.xcassets"; sourceTree = "<group>"; };
		AA304E7A2F6F72980054DD41 /* AnalyticsManager.swift */ = {isa = PBXFileReference; lastKnownFileType = sourcecode.swift; path = AnalyticsManager.swift; sourceTree = "<group>"; };
		BB304E792E6F9E750054DD40 /* GoogleService-Info.plist */ = {isa = PBXFileReference; lastKnownFileType = text.plist.xml; path = "GoogleService-Info.plist"; sourceTree = "<group>"; };
		BB304E862E6FA71E0054DD40 /* Scrap.entitlements */ = {isa = PBXFileReference; lastKnownFileType = text.plist.entitlements; path = Scrap.entitlements; sourceTree = "<group>"; };
		BB31A2AD2E79FD69001D7C46 /* SpaceMono-Bold.ttf */ = {isa = PBXFileReference; lastKnownFileType = file; path = "SpaceMono-Bold.ttf"; sourceTree = "<group>"; };
		BB31A2AE2E79FD69001D7C46 /* SpaceMono-BoldItalic.ttf */ = {isa = PBXFileReference; lastKnownFileType = file; path = "SpaceMono-BoldItalic.ttf"; sourceTree = "<group>"; };
		BB31A2AF2E79FD69001D7C46 /* SpaceMono-Italic.ttf */ = {isa = PBXFileReference; lastKnownFileType = file; path = "SpaceMono-Italic.ttf"; sourceTree = "<group>"; };
		BB31A2B02E79FD69001D7C46 /* SpaceMono-Regular.ttf */ = {isa = PBXFileReference; lastKnownFileType = file; path = "SpaceMono-Regular.ttf"; sourceTree = "<group>"; };
		BBEF41E02E744FA00079202D /* ScrapWidgetExtension.appex */ = {isa = PBXFileReference; explicitFileType = "wrapper.app-extension"; includeInIndex = 0; path = ScrapWidgetExtension.appex; sourceTree = BUILT_PRODUCTS_DIR; };
		BBEF41E22E744FA00079202D /* WidgetKit.framework */ = {isa = PBXFileReference; lastKnownFileType = wrapper.framework; name = WidgetKit.framework; path = System/Library/Frameworks/WidgetKit.framework; sourceTree = SDKROOT; };
		BBEF41E42E744FA00079202D /* SwiftUI.framework */ = {isa = PBXFileReference; lastKnownFileType = wrapper.framework; name = SwiftUI.framework; path = System/Library/Frameworks/SwiftUI.framework; sourceTree = SDKROOT; };
		BBEF41FC2E7450510079202D /* ScrapWidgetExtension.entitlements */ = {isa = PBXFileReference; lastKnownFileType = text.plist.entitlements; path = ScrapWidgetExtension.entitlements; sourceTree = "<group>"; };
		BBEF42622E76E0400079202D /* SpaceGrotesk-Bold.ttf */ = {isa = PBXFileReference; lastKnownFileType = file; path = "SpaceGrotesk-Bold.ttf"; sourceTree = "<group>"; };
		BBEF42632E76E0400079202D /* SpaceGrotesk-Light.ttf */ = {isa = PBXFileReference; lastKnownFileType = file; path = "SpaceGrotesk-Light.ttf"; sourceTree = "<group>"; };
		BBEF42642E76E0400079202D /* SpaceGrotesk-Medium.ttf */ = {isa = PBXFileReference; lastKnownFileType = file; path = "SpaceGrotesk-Medium.ttf"; sourceTree = "<group>"; };
		BBEF42652E76E0400079202D /* SpaceGrotesk-Regular.ttf */ = {isa = PBXFileReference; lastKnownFileType = file; path = "SpaceGrotesk-Regular.ttf"; sourceTree = "<group>"; };
		BBEF42662E76E0400079202D /* SpaceGrotesk-SemiBold.ttf */ = {isa = PBXFileReference; lastKnownFileType = file; path = "SpaceGrotesk-SemiBold.ttf"; sourceTree = "<group>"; };
		BBEF42692E76E0400079202D /* README.txt */ = {isa = PBXFileReference; lastKnownFileType = text; path = README.txt; sourceTree = "<group>"; };
		BBEF426A2E76E0400079202D /* SpaceGrotesk-VariableFont_wght.ttf */ = {isa = PBXFileReference; lastKnownFileType = file; path = "SpaceGrotesk-VariableFont_wght.ttf"; sourceTree = "<group>"; };
		CB9C978ACDF7B3C5EE3AA9E274 /* RichTextCore/CheckboxTextAttachment.swift */ = {isa = PBXFileReference; lastKnownFileType = sourcecode.swift; path = RichTextCore/CheckboxTextAttachment.swift; sourceTree = "<group>"; };
		CC123456789012345678901A /* Config.xcconfig */ = {isa = PBXFileReference; lastKnownFileType = text.xcconfig; path = Config.xcconfig; sourceTree = "<group>"; };
		CC304E7C3F6F72990054DD42 /* TestContentView.swift */ = {isa = PBXFileReference; lastKnownFileType = sourcecode.swift; path = TestContentView.swift; sourceTree = "<group>"; };
		DD304E872E6FA0000054DD42 /* FirebaseManager.swift */ = {isa = PBXFileReference; lastKnownFileType = sourcecode.swift; path = FirebaseManager.swift; sourceTree = "<group>"; };
		DGBFEC794D87FF0597FBC1D270 /* CoreGraphicsDebug.swift */ = {isa = PBXFileReference; lastKnownFileType = sourcecode.swift; path = CoreGraphicsDebug.swift; sourceTree = "<group>"; };
		EE304E892E6FA1000054DD43 /* AuthenticationView.swift */ = {isa = PBXFileReference; lastKnownFileType = sourcecode.swift; path = AuthenticationView.swift; sourceTree = "<group>"; };
		FF304E8B2E6FA2000054DD44 /* ChromaService.swift */ = {isa = PBXFileReference; lastKnownFileType = sourcecode.swift; path = ChromaService.swift; sourceTree = "<group>"; };
		IA0053424B563D671E01D14B43 /* RichTextCore/RichTextInputAccessoryView.swift */ = {isa = PBXFileReference; lastKnownFileType = sourcecode.swift; path = RichTextCore/RichTextInputAccessoryView.swift; sourceTree = "<group>"; };
		NE5DDCCFCC62BAA7EE7261D21F /* NoteEditor.swift */ = {isa = PBXFileReference; lastKnownFileType = sourcecode.swift; path = NoteEditor.swift; sourceTree = "<group>"; };
		RC6691F824B3D8177B68116C03 /* RichTextCore/RichTextEditor.swift */ = {isa = PBXFileReference; lastKnownFileType = sourcecode.swift; path = RichTextCore/RichTextEditor.swift; sourceTree = "<group>"; };
		RCCABB85C9FF0BBEE223B3A7B5 /* RichTextCore/RichTextContext.swift */ = {isa = PBXFileReference; lastKnownFileType = sourcecode.swift; path = RichTextCore/RichTextContext.swift; sourceTree = "<group>"; };
		RCE4FD307E47D569B669CE633A /* RichTextCore/RichTextCoordinator.swift */ = {isa = PBXFileReference; lastKnownFileType = sourcecode.swift; path = RichTextCore/RichTextCoordinator.swift; sourceTree = "<group>"; };
		RT6C1C6BFA551F /* RichTextTransformer.swift */ = {isa = PBXFileReference; lastKnownFileType = sourcecode.swift; path = RichTextTransformer.swift; sourceTree = "<group>"; };
		SM988B63B7218D59C335B7 /* SparkModels.swift */ = {isa = PBXFileReference; lastKnownFileType = sourcecode.swift; path = SparkModels.swift; sourceTree = "<group>"; };
		SS42E11169D5C6456E0538 /* SparkServices.swift */ = {isa = PBXFileReference; lastKnownFileType = sourcecode.swift; path = SparkServices.swift; sourceTree = "<group>"; };
		SVB8AD07F579355BFEA517EECE /* SettingsView.swift */ = {isa = PBXFileReference; lastKnownFileType = sourcecode.swift; path = SettingsView.swift; sourceTree = "<group>"; };
		TMC622226271474267E1D8B017 /* ThemeManager.swift */ = {isa = PBXFileReference; lastKnownFileType = sourcecode.swift; path = ThemeManager.swift; sourceTree = "<group>"; };
		VSBB8F96838EAF9CAB96FC412B /* VectorSearchService.swift */ = {isa = PBXFileReference; lastKnownFileType = sourcecode.swift; path = VectorSearchService.swift; sourceTree = "<group>"; };
		WV4D495EF6CFBCA907B22BE841 /* RichTextCore/WaveformView.swift */ = {isa = PBXFileReference; lastKnownFileType = sourcecode.swift; path = RichTextCore/WaveformView.swift; sourceTree = "<group>"; };
/* End PBXFileReference section */

/* Begin PBXFileSystemSynchronizedBuildFileExceptionSet section */
		BBEF41FA2E744FA10079202D /* PBXFileSystemSynchronizedBuildFileExceptionSet */ = {
			isa = PBXFileSystemSynchronizedBuildFileExceptionSet;
			membershipExceptions = (
				Info.plist,
			);
			target = BBEF41DF2E744FA00079202D /* ScrapWidgetExtension */;
		};
/* End PBXFileSystemSynchronizedBuildFileExceptionSet section */

/* Begin PBXFileSystemSynchronizedRootGroup section */
		BBEF41E62E744FA00079202D /* ScrapWidget */ = {isa = PBXFileSystemSynchronizedRootGroup; exceptions = (BBEF41FA2E744FA10079202D /* PBXFileSystemSynchronizedBuildFileExceptionSet */, ); explicitFileTypes = {}; explicitFolders = (); path = ScrapWidget; sourceTree = "<group>"; };
/* End PBXFileSystemSynchronizedRootGroup section */

/* Begin PBXFrameworksBuildPhase section */
		1D1A2B232B1234567890ABCB /* Frameworks */ = {
			isa = PBXFrameworksBuildPhase;
			buildActionMask = 2147483647;
			files = (
				BB304E782E6F72970054DD40 /* AmplitudeSwift in Frameworks */,
				BB304E782E6F72970054DD42 /* AmplitudeSwiftSessionReplayPlugin in Frameworks */,
				BB304E812E6F9EEA0054DD40 /* FirebaseFirestore in Frameworks */,
				BB304E832E6F9F0A0054DD40 /* FirebaseFunctions in Frameworks */,
				BB304E8B2E6FA8650054DD40 /* GoogleSignInSwift in Frameworks */,
				BB304E7F2E6F9EEA0054DD40 /* FirebaseCore in Frameworks */,
				BB304E7D2E6F9EEA0054DD40 /* FirebaseAuth in Frameworks */,
				BB304E852E6F9F0A0054DD40 /* FirebaseStorage in Frameworks */,
				BB304E892E6FA8650054DD40 /* GoogleSignIn in Frameworks */,
			);
			runOnlyForDeploymentPostprocessing = 0;
		};
		BBEF41DD2E744FA00079202D /* Frameworks */ = {
			isa = PBXFrameworksBuildPhase;
			buildActionMask = 2147483647;
			files = (
				BBEF41E52E744FA00079202D /* SwiftUI.framework in Frameworks */,
				BBEF41E32E744FA00079202D /* WidgetKit.framework in Frameworks */,
			);
			runOnlyForDeploymentPostprocessing = 0;
		};
/* End PBXFrameworksBuildPhase section */

/* Begin PBXGroup section */
		1D1A2B1D2B1234567890ABCA = {
			isa = PBXGroup;
			children = (
				BBEF41FC2E7450510079202D /* ScrapWidgetExtension.entitlements */,
				1D1A2B282B1234567890ABCC /* Scrap */,
				BBEF41E62E744FA00079202D /* ScrapWidget */,
				BBEF41E12E744FA00079202D /* Frameworks */,
				1D1A2B272B1234567890ABCC /* Products */,
				BBEF41DB2E744EC30079202D /* Recovered References */,
			);
			sourceTree = "<group>";
		};
		1D1A2B272B1234567890ABCC /* Products */ = {
			isa = PBXGroup;
			children = (
				1D1A2B262B1234567890ABCC /* Scrap.app */,
				BBEF41E02E744FA00079202D /* ScrapWidgetExtension.appex */,
			);
			name = Products;
			sourceTree = "<group>";
		};
		1D1A2B282B1234567890ABCC /* Scrap */ = {
			isa = PBXGroup;
			children = (
				BBC2A3242E719333000BEABE /* Fonts */,
				BB304E862E6FA71E0054DD40 /* Scrap.entitlements */,
				BB304E792E6F9E750054DD40 /* GoogleService-Info.plist */,
				1D1A2B292B1234567890ABCD /* ScrapApp.swift */,
				1D1A2B2B2B1234567890ABCE /* ContentView.swift */,
				WV4D495EF6CFBCA907B22BE841 /* RichTextCore/WaveformView.swift */,
				CB9C978ACDF7B3C5EE3AA9E274 /* RichTextCore/CheckboxTextAttachment.swift */,
				DGBFEC794D87FF0597FBC1D270 /* CoreGraphicsDebug.swift */,
				NE5DDCCFCC62BAA7EE7261D21F /* NoteEditor.swift */,
				VSBB8F96838EAF9CAB96FC412B /* VectorSearchService.swift */,
				RCCABB85C9FF0BBEE223B3A7B5 /* RichTextCore/RichTextContext.swift */,
				IA0053424B563D671E01D14B43 /* RichTextCore/RichTextInputAccessoryView.swift */,
				RCE4FD307E47D569B669CE633A /* RichTextCore/RichTextCoordinator.swift */,
				RC6691F824B3D8177B68116C03 /* RichTextCore/RichTextEditor.swift */,
				TMC622226271474267E1D8B017 /* ThemeManager.swift */,
				SVB8AD07F579355BFEA517EECE /* SettingsView.swift */,
				AA304E7A2F6F72980054DD41 /* AnalyticsManager.swift */,
				DD304E872E6FA0000054DD42 /* FirebaseManager.swift */,
				RT6C1C6BFA551F /* RichTextTransformer.swift */,
				EE304E892E6FA1000054DD43 /* AuthenticationView.swift */,
				FF304E8B2E6FA2000054DD44 /* ChromaService.swift */,
				CC304E7C3F6F72990054DD42 /* TestContentView.swift */,
				SM988B63B7218D59C335B7 /* SparkModels.swift */,
				SS42E11169D5C6456E0538 /* SparkServices.swift */,
				1D1A2B2D2B1234567890ABCF /* Assets.xcassets */,
				1D1A2B2F2B1234567890ABD0 /* Preview Content */,
			);
			path = Scrap;
			sourceTree = "<group>";
		};
		1D1A2B2F2B1234567890ABD0 /* Preview Content */ = {
			isa = PBXGroup;
			children = (
				1D1A2B302B1234567890ABD0 /* Preview Assets.xcassets */,
			);
			path = "Preview Content";
			sourceTree = "<group>";
		};
		BB31A2B12E79FD69001D7C46 /* Space_Mono */ = {
			isa = PBXGroup;
			children = (
				BB31A2AD2E79FD69001D7C46 /* SpaceMono-Bold.ttf */,
				BB31A2AE2E79FD69001D7C46 /* SpaceMono-BoldItalic.ttf */,
				BB31A2AF2E79FD69001D7C46 /* SpaceMono-Italic.ttf */,
				BB31A2B02E79FD69001D7C46 /* SpaceMono-Regular.ttf */,
			);
			path = Space_Mono;
			sourceTree = "<group>";
		};
		BBC2A3242E719333000BEABE /* Fonts */ = {
			isa = PBXGroup;
			children = (
				BB31A2B12E79FD69001D7C46 /* Space_Mono */,
				BBEF426B2E76E0400079202D /* Space_Grotesk */,
			);
			path = Fonts;
			sourceTree = "<group>";
		};
		BBEF41DB2E744EC30079202D /* Recovered References */ = {
			isa = PBXGroup;
			children = (
				CC123456789012345678901A /* Config.xcconfig */,
			);
			name = "Recovered References";
			sourceTree = "<group>";
		};
		BBEF41E12E744FA00079202D /* Frameworks */ = {
			isa = PBXGroup;
			children = (
				BBEF41E22E744FA00079202D /* WidgetKit.framework */,
				BBEF41E42E744FA00079202D /* SwiftUI.framework */,
			);
			name = Frameworks;
			sourceTree = "<group>";
		};
		BBEF426B2E76E0400079202D /* Space_Grotesk */ = {
			isa = PBXGroup;
			children = (
				BBEF42692E76E0400079202D /* README.txt */,
				BBEF426A2E76E0400079202D /* SpaceGrotesk-VariableFont_wght.ttf */,
				BBEF42622E76E0400079202D /* SpaceGrotesk-Bold.ttf */,
				BBEF42632E76E0400079202D /* SpaceGrotesk-Light.ttf */,
				BBEF42642E76E0400079202D /* SpaceGrotesk-Medium.ttf */,
				BBEF42652E76E0400079202D /* SpaceGrotesk-Regular.ttf */,
				BBEF42662E76E0400079202D /* SpaceGrotesk-SemiBold.ttf */,
			);
			path = Space_Grotesk;
			sourceTree = "<group>";
		};
/* End PBXGroup section */

/* Begin PBXNativeTarget section */
		1D1A2B252B1234567890ABCA /* Scrap */ = {
			isa = PBXNativeTarget;
			buildConfigurationList = 1D1A2B362B1234567890ABD2 /* Build configuration list for PBXNativeTarget "Scrap" */;
			buildPhases = (
				1D1A2B222B1234567890ABC9 /* Sources */,
				1D1A2B232B1234567890ABCB /* Frameworks */,
				1D1A2B242B1234567890ABCA /* Resources */,
				BBEF41F72E744FA10079202D /* Embed Foundation Extensions */,
			);
			buildRules = (
			);
			dependencies = (
				BBEF41F52E744FA10079202D /* PBXTargetDependency */,
			);
			name = Scrap;
			packageProductDependencies = (
				BB304E772E6F72970054DD40 /* AmplitudeSwift */,
				BB304E772E6F72970054DD42 /* AmplitudeSwiftSessionReplayPlugin */,
				BB304E7C2E6F9EEA0054DD40 /* FirebaseAuth */,
				BB304E7E2E6F9EEA0054DD40 /* FirebaseCore */,
				BB304E802E6F9EEA0054DD40 /* FirebaseFirestore */,
				BB304E822E6F9F0A0054DD40 /* FirebaseFunctions */,
				BB304E842E6F9F0A0054DD40 /* FirebaseStorage */,
				BB304E882E6FA8650054DD40 /* GoogleSignIn */,
				BB304E8A2E6FA8650054DD40 /* GoogleSignInSwift */,
			);
			productName = Scrap;
			productReference = 1D1A2B262B1234567890ABCC /* Scrap.app */;
			productType = "com.apple.product-type.application";
		};
		BBEF41DF2E744FA00079202D /* ScrapWidgetExtension */ = {
			isa = PBXNativeTarget;
			buildConfigurationList = BBEF41FB2E744FA10079202D /* Build configuration list for PBXNativeTarget "ScrapWidgetExtension" */;
			buildPhases = (
				BBEF41DC2E744FA00079202D /* Sources */,
				BBEF41DD2E744FA00079202D /* Frameworks */,
				BBEF41DE2E744FA00079202D /* Resources */,
			);
			buildRules = (
			);
			dependencies = (
			);
			fileSystemSynchronizedGroups = (
				BBEF41E62E744FA00079202D /* ScrapWidget */,
			);
			name = ScrapWidgetExtension;
			packageProductDependencies = (
			);
			productName = ScrapWidgetExtension;
			productReference = BBEF41E02E744FA00079202D /* ScrapWidgetExtension.appex */;
			productType = "com.apple.product-type.app-extension";
		};
/* End PBXNativeTarget section */

/* Begin PBXProject section */
		1D1A2B1E2B1234567890ABCA /* Project object */ = {
			isa = PBXProject;
			attributes = {
				BuildIndependentTargetsInParallel = 1;
				LastSwiftUpdateCheck = 1640;
				LastUpgradeCheck = 1640;
				TargetAttributes = {
					1D1A2B252B1234567890ABCA = {
						CreatedOnToolsVersion = 14.3;
					};
					BBEF41DF2E744FA00079202D = {
						CreatedOnToolsVersion = 16.4;
					};
				};
			};
			buildConfigurationList = 1D1A2B212B1234567890ABCA /* Build configuration list for PBXProject "Scrap" */;
			compatibilityVersion = "Xcode 14.0";
			developmentRegion = en;
			hasScannedForEncodings = 0;
			knownRegions = (
				en,
				Base,
			);
			mainGroup = 1D1A2B1D2B1234567890ABCA;
			packageReferences = (
				BB304E762E6F72970054DD40 /* XCRemoteSwiftPackageReference "Amplitude-Swift" */,
				BB304E762E6F72970054DD41 /* XCRemoteSwiftPackageReference "AmplitudeSessionReplay-iOS" */,
				BB304E7B2E6F9EEA0054DD40 /* XCRemoteSwiftPackageReference "firebase-ios-sdk" */,
				BB304E872E6FA8650054DD40 /* XCRemoteSwiftPackageReference "GoogleSignIn-iOS" */,
			);
			productRefGroup = 1D1A2B272B1234567890ABCC /* Products */;
			projectDirPath = "";
			projectRoot = "";
			targets = (
				1D1A2B252B1234567890ABCA /* Scrap */,
				BBEF41DF2E744FA00079202D /* ScrapWidgetExtension */,
			);
		};
/* End PBXProject section */

/* Begin PBXResourcesBuildPhase section */
		1D1A2B242B1234567890ABCA /* Resources */ = {
			isa = PBXResourcesBuildPhase;
			buildActionMask = 2147483647;
			files = (
				BBEF42742E76E0400079202D /* SpaceGrotesk-Medium.ttf in Resources */,
				BBEF42752E76E0400079202D /* SpaceGrotesk-Regular.ttf in Resources */,
				BBEF42762E76E0400079202D /* SpaceGrotesk-SemiBold.ttf in Resources */,
				BBEF42772E76E0400079202D /* SpaceGrotesk-Bold.ttf in Resources */,
				BBEF42782E76E0400079202D /* SpaceGrotesk-VariableFont_wght.ttf in Resources */,
				BB31A2B72E79FD69001D7C46 /* SpaceMono-Regular.ttf in Resources */,
				BB31A2B92E79FD69001D7C46 /* SpaceMono-Italic.ttf in Resources */,
				BB31A2BA2E79FD69001D7C46 /* SpaceMono-BoldItalic.ttf in Resources */,
				BB31A2BB2E79FD69001D7C46 /* SpaceMono-Bold.ttf in Resources */,
				BBEF42792E76E0400079202D /* README.txt in Resources */,
				BBEF427A2E76E0400079202D /* SpaceGrotesk-Light.ttf in Resources */,
				1D1A2B312B1234567890ABD0 /* Preview Assets.xcassets in Resources */,
				1D1A2B2E2B1234567890ABCF /* Assets.xcassets in Resources */,
				BB304E7A2E6F9E750054DD40 /* GoogleService-Info.plist in Resources */,
			);
			runOnlyForDeploymentPostprocessing = 0;
		};
		BBEF41DE2E744FA00079202D /* Resources */ = {
			isa = PBXResourcesBuildPhase;
			buildActionMask = 2147483647;
			files = (
				BBEF426C2E76E0400079202D /* SpaceGrotesk-Medium.ttf in Resources */,
				BB31A2B22E79FD69001D7C46 /* SpaceMono-Regular.ttf in Resources */,
				BB31A2B42E79FD69001D7C46 /* SpaceMono-Italic.ttf in Resources */,
				BB31A2B52E79FD69001D7C46 /* SpaceMono-BoldItalic.ttf in Resources */,
				BB31A2B62E79FD69001D7C46 /* SpaceMono-Bold.ttf in Resources */,
				BBEF426D2E76E0400079202D /* SpaceGrotesk-Regular.ttf in Resources */,
				BBEF426E2E76E0400079202D /* SpaceGrotesk-SemiBold.ttf in Resources */,
				BBEF426F2E76E0400079202D /* SpaceGrotesk-Bold.ttf in Resources */,
				BBEF42702E76E0400079202D /* SpaceGrotesk-VariableFont_wght.ttf in Resources */,
				BBEF42712E76E0400079202D /* README.txt in Resources */,
				BBEF42722E76E0400079202D /* SpaceGrotesk-Light.ttf in Resources */,
			);
			runOnlyForDeploymentPostprocessing = 0;
		};
/* End PBXResourcesBuildPhase section */

/* Begin PBXSourcesBuildPhase section */
		1D1A2B222B1234567890ABC9 /* Sources */ = {
			isa = PBXSourcesBuildPhase;
			buildActionMask = 2147483647;
			files = (
				1D1A2B2C2B1234567890ABCE /* ContentView.swift in Sources */,
				WV324054AB161F2E7C28E40AB1 /* RichTextCore/WaveformView.swift in Sources */,
				CB8B2374A7366A9664FA926D92 /* RichTextCore/CheckboxTextAttachment.swift in Sources */,
				DG37B0B88A72C027323CBED810 /* CoreGraphicsDebug.swift in Sources */,
				NEC114F946C8D24C74D23822B8 /* NoteEditor.swift in Sources */,
				VSB265A2C19F0013D2789802D2 /* VectorSearchService.swift in Sources */,
				RCB7600E0A0B026201786F2131 /* RichTextCore/RichTextContext.swift in Sources */,
				IA3B9BABEBD65C49F838AA4143 /* RichTextCore/RichTextInputAccessoryView.swift in Sources */,
				RC7A674C6B95C322B02410EC74 /* RichTextCore/RichTextCoordinator.swift in Sources */,
				RC7762BA2291946641555033DE /* RichTextCore/RichTextEditor.swift in Sources */,
				TMF4A47D87D17E986129EC9426 /* ThemeManager.swift in Sources */,
				SVF04E28F0BE8081BFE5CDA262 /* SettingsView.swift in Sources */,
				AA304E792F6F72980054DD41 /* AnalyticsManager.swift in Sources */,
				DD304E862E6FA0000054DD42 /* FirebaseManager.swift in Sources */,
				RTB79366E98E99 /* RichTextTransformer.swift in Sources */,
				EE304E882E6FA1000054DD43 /* AuthenticationView.swift in Sources */,
				FF304E8A2E6FA2000054DD44 /* ChromaService.swift in Sources */,
				CC304E7B3F6F72990054DD42 /* TestContentView.swift in Sources */,
				1D1A2B2A2B1234567890ABCD /* ScrapApp.swift in Sources */,
				SM746984E3905E9248F740 /* SparkModels.swift in Sources */,
				SS7CB67F2F072D9CA9AE6D /* SparkServices.swift in Sources */,
			);
			runOnlyForDeploymentPostprocessing = 0;
		};
		BBEF41DC2E744FA00079202D /* Sources */ = {
			isa = PBXSourcesBuildPhase;
			buildActionMask = 2147483647;
			files = (
			);
			runOnlyForDeploymentPostprocessing = 0;
		};
/* End PBXSourcesBuildPhase section */

/* Begin PBXTargetDependency section */
		BBEF41F52E744FA10079202D /* PBXTargetDependency */ = {
			isa = PBXTargetDependency;
			target = BBEF41DF2E744FA00079202D /* ScrapWidgetExtension */;
			targetProxy = BBEF41F42E744FA10079202D /* PBXContainerItemProxy */;
		};
/* End PBXTargetDependency section */

/* Begin XCBuildConfiguration section */
		1D1A2B342B1234567890ABD2 /* Debug */ = {
			isa = XCBuildConfiguration;
			buildSettings = {
				ALWAYS_SEARCH_USER_PATHS = NO;
				ASSETCATALOG_COMPILER_GENERATE_SWIFT_ASSET_SYMBOL_EXTENSIONS = YES;
				CLANG_ANALYZER_NONNULL = YES;
				CLANG_ANALYZER_NUMBER_OBJECT_CONVERSION = YES_AGGRESSIVE;
				CLANG_CXX_LANGUAGE_STANDARD = "gnu++20";
				CLANG_ENABLE_MODULES = YES;
				CLANG_ENABLE_OBJC_ARC = YES;
				CLANG_ENABLE_OBJC_WEAK = YES;
				CLANG_WARN_BLOCK_CAPTURE_AUTORELEASING = YES;
				CLANG_WARN_BOOL_CONVERSION = YES;
				CLANG_WARN_COMMA = YES;
				CLANG_WARN_CONSTANT_CONVERSION = YES;
				CLANG_WARN_DEPRECATED_OBJC_IMPLEMENTATIONS = YES;
				CLANG_WARN_DIRECT_OBJC_ISA_USAGE = YES_ERROR;
				CLANG_WARN_EMPTY_BODY = YES;
				CLANG_WARN_ENUM_CONVERSION = YES;
				CLANG_WARN_INFINITE_RECURSION = YES;
				CLANG_WARN_INT_CONVERSION = YES;
				CLANG_WARN_NON_LITERAL_NULL_CONVERSION = YES;
				CLANG_WARN_OBJC_IMPLICIT_RETAIN_SELF = YES;
				CLANG_WARN_OBJC_LITERAL_CONVERSION = YES;
				CLANG_WARN_OBJC_ROOT_CLASS = YES_ERROR;
				CLANG_WARN_QUOTED_INCLUDE_IN_FRAMEWORK_HEADER = YES;
				CLANG_WARN_RANGE_LOOP_ANALYSIS = YES;
				CLANG_WARN_STRICT_PROTOTYPES = YES;
				CLANG_WARN_SUSPICIOUS_MOVE = YES;
				CLANG_WARN_UNREACHABLE_CODE = YES;
				CLANG_WARN__DUPLICATE_METHOD_MATCH = YES;
				COPY_PHASE_STRIP = NO;
				DEBUG_INFORMATION_FORMAT = dwarf;
				DEVELOPMENT_TEAM = K8NAZ76CBQ;
				ENABLE_STRICT_OBJC_MSGSEND = YES;
				ENABLE_TESTABILITY = YES;
				ENABLE_USER_SCRIPT_SANDBOXING = YES;
				GCC_C_LANGUAGE_STANDARD = gnu11;
				GCC_DYNAMIC_NO_PIC = NO;
				GCC_NO_COMMON_BLOCKS = YES;
				GCC_OPTIMIZATION_LEVEL = 0;
				GCC_WARN_64_TO_32_BIT_CONVERSION = YES;
				GCC_WARN_ABOUT_RETURN_TYPE = YES_ERROR;
				GCC_WARN_UNDECLARED_SELECTOR = YES;
				GCC_WARN_UNINITIALIZED_AUTOS = YES_AGGRESSIVE;
				GCC_WARN_UNUSED_FUNCTION = YES;
				GCC_WARN_UNUSED_VARIABLE = YES;
				IPHONEOS_DEPLOYMENT_TARGET = 16.0;
				MTL_ENABLE_DEBUG_INFO = INCLUDE_SOURCE;
				MTL_FAST_MATH = YES;
				ONLY_ACTIVE_ARCH = YES;
				SDKROOT = iphoneos;
				SWIFT_ACTIVE_COMPILATION_CONDITIONS = DEBUG;
				SWIFT_OPTIMIZATION_LEVEL = "-Onone";
			};
			name = Debug;
		};
		1D1A2B352B1234567890ABD3 /* Release */ = {
			isa = XCBuildConfiguration;
			buildSettings = {
				ALWAYS_SEARCH_USER_PATHS = NO;
				ASSETCATALOG_COMPILER_GENERATE_SWIFT_ASSET_SYMBOL_EXTENSIONS = YES;
				CLANG_ANALYZER_NONNULL = YES;
				CLANG_ANALYZER_NUMBER_OBJECT_CONVERSION = YES_AGGRESSIVE;
				CLANG_CXX_LANGUAGE_STANDARD = "gnu++20";
				CLANG_ENABLE_MODULES = YES;
				CLANG_ENABLE_OBJC_ARC = YES;
				CLANG_ENABLE_OBJC_WEAK = YES;
				CLANG_WARN_BLOCK_CAPTURE_AUTORELEASING = YES;
				CLANG_WARN_BOOL_CONVERSION = YES;
				CLANG_WARN_COMMA = YES;
				CLANG_WARN_CONSTANT_CONVERSION = YES;
				CLANG_WARN_DEPRECATED_OBJC_IMPLEMENTATIONS = YES;
				CLANG_WARN_DIRECT_OBJC_ISA_USAGE = YES_ERROR;
				CLANG_WARN_EMPTY_BODY = YES;
				CLANG_WARN_ENUM_CONVERSION = YES;
				CLANG_WARN_INFINITE_RECURSION = YES;
				CLANG_WARN_INT_CONVERSION = YES;
				CLANG_WARN_NON_LITERAL_NULL_CONVERSION = YES;
				CLANG_WARN_OBJC_IMPLICIT_RETAIN_SELF = YES;
				CLANG_WARN_OBJC_LITERAL_CONVERSION = YES;
				CLANG_WARN_OBJC_ROOT_CLASS = YES_ERROR;
				CLANG_WARN_QUOTED_INCLUDE_IN_FRAMEWORK_HEADER = YES;
				CLANG_WARN_RANGE_LOOP_ANALYSIS = YES;
				CLANG_WARN_STRICT_PROTOTYPES = YES;
				CLANG_WARN_SUSPICIOUS_MOVE = YES;
				CLANG_WARN_UNREACHABLE_CODE = YES;
				CLANG_WARN__DUPLICATE_METHOD_MATCH = YES;
				COPY_PHASE_STRIP = NO;
				DEBUG_INFORMATION_FORMAT = "dwarf-with-dsym";
				DEVELOPMENT_TEAM = K8NAZ76CBQ;
				ENABLE_NS_ASSERTIONS = NO;
				ENABLE_STRICT_OBJC_MSGSEND = YES;
				ENABLE_USER_SCRIPT_SANDBOXING = YES;
				GCC_C_LANGUAGE_STANDARD = gnu11;
				GCC_NO_COMMON_BLOCKS = YES;
				GCC_WARN_64_TO_32_BIT_CONVERSION = YES;
				GCC_WARN_ABOUT_RETURN_TYPE = YES_ERROR;
				GCC_WARN_UNDECLARED_SELECTOR = YES;
				GCC_WARN_UNINITIALIZED_AUTOS = YES_AGGRESSIVE;
				GCC_WARN_UNUSED_FUNCTION = YES;
				GCC_WARN_UNUSED_VARIABLE = YES;
				IPHONEOS_DEPLOYMENT_TARGET = 16.0;
				MTL_ENABLE_DEBUG_INFO = NO;
				MTL_FAST_MATH = YES;
				SDKROOT = iphoneos;
				SWIFT_COMPILATION_MODE = wholemodule;
				SWIFT_OPTIMIZATION_LEVEL = "-O";
				VALIDATE_PRODUCT = YES;
			};
			name = Release;
		};
		1D1A2B372B1234567890ABD4 /* Debug */ = {
			isa = XCBuildConfiguration;
			baseConfigurationReference = CC123456789012345678901A /* Config.xcconfig */;
			buildSettings = {
				ASSETCATALOG_COMPILER_APPICON_NAME = AppIcon;
				ASSETCATALOG_COMPILER_GLOBAL_ACCENT_COLOR_NAME = AccentColor;
				CODE_SIGN_ENTITLEMENTS = Scrap/Scrap.entitlements;
				CODE_SIGN_STYLE = Automatic;
				CURRENT_PROJECT_VERSION = 2;
				DEVELOPMENT_ASSET_PATHS = "\"Scrap/Preview Content\"";
				DEVELOPMENT_TEAM = K8NAZ76CBQ;
				ENABLE_PREVIEWS = YES;
				GENERATE_INFOPLIST_FILE = NO;
				INFOPLIST_FILE = Scrap/Info.plist;
				INFOPLIST_KEY_CFBundleDisplayName = Scrap;
				INFOPLIST_KEY_LSApplicationCategoryType = "public.app-category.lifestyle";
				INFOPLIST_KEY_UIApplicationSupportsIndirectInputEvents = YES;
				INFOPLIST_KEY_UILaunchScreen_Generation = YES;
				INFOPLIST_KEY_UISupportedInterfaceOrientations = "UIInterfaceOrientationPortrait UIInterfaceOrientationPortraitUpsideDown UIInterfaceOrientationLandscapeLeft UIInterfaceOrientationLandscapeRight";
				IPHONEOS_DEPLOYMENT_TARGET = 16.0;
				LD_RUNPATH_SEARCH_PATHS = (
					"$(inherited)",
					"@executable_path/Frameworks",
				);
				MARKETING_VERSION = 1.01;
				PRODUCT_BUNDLE_IDENTIFIER = com.muckstack.scrap;
				PRODUCT_NAME = Scrap;
				SUPPORTED_PLATFORMS = "iphoneos iphonesimulator";
				SUPPORTS_MACCATALYST = NO;
				SUPPORTS_MAC_DESIGNED_FOR_IPHONE_IPAD = NO;
				SUPPORTS_XR_DESIGNED_FOR_IPHONE_IPAD = NO;
				SWIFT_EMIT_LOC_STRINGS = YES;
				SWIFT_VERSION = 5.0;
				TARGETED_DEVICE_FAMILY = 1;
			};
			name = Debug;
		};
		1D1A2B382B1234567890ABD5 /* Release */ = {
			isa = XCBuildConfiguration;
			baseConfigurationReference = CC123456789012345678901A /* Config.xcconfig */;
			buildSettings = {
				ASSETCATALOG_COMPILER_APPICON_NAME = AppIcon;
				ASSETCATALOG_COMPILER_GLOBAL_ACCENT_COLOR_NAME = AccentColor;
				CODE_SIGN_ENTITLEMENTS = Scrap/Scrap.entitlements;
				CODE_SIGN_IDENTITY = "Apple Development";
				CODE_SIGN_STYLE = Automatic;
				CURRENT_PROJECT_VERSION = 2;
				DEVELOPMENT_ASSET_PATHS = "\"Scrap/Preview Content\"";
				DEVELOPMENT_TEAM = K8NAZ76CBQ;
				ENABLE_PREVIEWS = YES;
				GENERATE_INFOPLIST_FILE = NO;
				INFOPLIST_FILE = Scrap/Info.plist;
				INFOPLIST_KEY_CFBundleDisplayName = Scrap;
				INFOPLIST_KEY_LSApplicationCategoryType = "public.app-category.lifestyle";
				INFOPLIST_KEY_UIApplicationSupportsIndirectInputEvents = YES;
				INFOPLIST_KEY_UILaunchScreen_Generation = YES;
				INFOPLIST_KEY_UISupportedInterfaceOrientations = "UIInterfaceOrientationPortrait UIInterfaceOrientationPortraitUpsideDown UIInterfaceOrientationLandscapeLeft UIInterfaceOrientationLandscapeRight";
				IPHONEOS_DEPLOYMENT_TARGET = 16.0;
				LD_RUNPATH_SEARCH_PATHS = (
					"$(inherited)",
					"@executable_path/Frameworks",
				);
				MARKETING_VERSION = 1.01;
				PRODUCT_BUNDLE_IDENTIFIER = com.muckstack.scrap;
				PRODUCT_NAME = Scrap;
				SUPPORTED_PLATFORMS = "iphoneos iphonesimulator";
				SUPPORTS_MACCATALYST = NO;
				SUPPORTS_MAC_DESIGNED_FOR_IPHONE_IPAD = NO;
				SUPPORTS_XR_DESIGNED_FOR_IPHONE_IPAD = NO;
				SWIFT_EMIT_LOC_STRINGS = YES;
				SWIFT_VERSION = 5.0;
				TARGETED_DEVICE_FAMILY = 1;
			};
			name = Release;
		};
		BBEF41F82E744FA10079202D /* Debug */ = {
			isa = XCBuildConfiguration;
			buildSettings = {
				ASSETCATALOG_COMPILER_GLOBAL_ACCENT_COLOR_NAME = AccentColor;
				ASSETCATALOG_COMPILER_WIDGET_BACKGROUND_COLOR_NAME = WidgetBackground;
				CLANG_WARN_DOCUMENTATION_COMMENTS = YES;
				CLANG_WARN_UNGUARDED_AVAILABILITY = YES_AGGRESSIVE;
				CODE_SIGN_ENTITLEMENTS = ScrapWidgetExtension.entitlements;
				CODE_SIGN_STYLE = Automatic;
				CURRENT_PROJECT_VERSION = 2;
				DEVELOPMENT_TEAM = K8NAZ76CBQ;
				GCC_C_LANGUAGE_STANDARD = gnu17;
				GCC_PREPROCESSOR_DEFINITIONS = (
					"DEBUG=1",
					"$(inherited)",
				);
				GENERATE_INFOPLIST_FILE = YES;
				INFOPLIST_FILE = ScrapWidget/Info.plist;
				INFOPLIST_KEY_CFBundleDisplayName = ScrapWidget;
				INFOPLIST_KEY_NSHumanReadableCopyright = "";
				IPHONEOS_DEPLOYMENT_TARGET = 18.5;
				LD_RUNPATH_SEARCH_PATHS = (
					"$(inherited)",
					"@executable_path/Frameworks",
					"@executable_path/../../Frameworks",
				);
				LOCALIZATION_PREFERS_STRING_CATALOGS = YES;
				MARKETING_VERSION = 1.01;
				PRODUCT_BUNDLE_IDENTIFIER = com.muckstack.scrap.ScrapWidget;
				PRODUCT_NAME = "$(TARGET_NAME)";
				SKIP_INSTALL = YES;
				SWIFT_ACTIVE_COMPILATION_CONDITIONS = "DEBUG $(inherited)";
				SWIFT_EMIT_LOC_STRINGS = YES;
				SWIFT_VERSION = 5.0;
				TARGETED_DEVICE_FAMILY = "1,2";
			};
			name = Debug;
		};
		BBEF41F92E744FA10079202D /* Release */ = {
			isa = XCBuildConfiguration;
			buildSettings = {
				ASSETCATALOG_COMPILER_GLOBAL_ACCENT_COLOR_NAME = AccentColor;
				ASSETCATALOG_COMPILER_WIDGET_BACKGROUND_COLOR_NAME = WidgetBackground;
				CLANG_WARN_DOCUMENTATION_COMMENTS = YES;
				CLANG_WARN_UNGUARDED_AVAILABILITY = YES_AGGRESSIVE;
				CODE_SIGN_ENTITLEMENTS = ScrapWidgetExtension.entitlements;
				CODE_SIGN_IDENTITY = "Apple Development";
				CODE_SIGN_STYLE = Automatic;
				CURRENT_PROJECT_VERSION = 2;
				DEVELOPMENT_TEAM = K8NAZ76CBQ;
				GCC_C_LANGUAGE_STANDARD = gnu17;
				GENERATE_INFOPLIST_FILE = YES;
				INFOPLIST_FILE = ScrapWidget/Info.plist;
				INFOPLIST_KEY_CFBundleDisplayName = ScrapWidget;
				INFOPLIST_KEY_NSHumanReadableCopyright = "";
				IPHONEOS_DEPLOYMENT_TARGET = 18.5;
				LD_RUNPATH_SEARCH_PATHS = (
					"$(inherited)",
					"@executable_path/Frameworks",
					"@executable_path/../../Frameworks",
				);
				LOCALIZATION_PREFERS_STRING_CATALOGS = YES;
				MARKETING_VERSION = 1.01;
				PRODUCT_BUNDLE_IDENTIFIER = com.muckstack.scrap.ScrapWidget;
				PRODUCT_NAME = "$(TARGET_NAME)";
				SKIP_INSTALL = YES;
				SWIFT_EMIT_LOC_STRINGS = YES;
				SWIFT_VERSION = 5.0;
				TARGETED_DEVICE_FAMILY = "1,2";
			};
			name = Release;
		};
/* End XCBuildConfiguration section */

/* Begin XCConfigurationList section */
		1D1A2B212B1234567890ABCA /* Build configuration list for PBXProject "Scrap" */ = {
			isa = XCConfigurationList;
			buildConfigurations = (
				1D1A2B342B1234567890ABD2 /* Debug */,
				1D1A2B352B1234567890ABD3 /* Release */,
			);
			defaultConfigurationIsVisible = 0;
			defaultConfigurationName = Release;
		};
		1D1A2B362B1234567890ABD2 /* Build configuration list for PBXNativeTarget "Scrap" */ = {
			isa = XCConfigurationList;
			buildConfigurations = (
				1D1A2B372B1234567890ABD4 /* Debug */,
				1D1A2B382B1234567890ABD5 /* Release */,
			);
			defaultConfigurationIsVisible = 0;
			defaultConfigurationName = Release;
		};
		BBEF41FB2E744FA10079202D /* Build configuration list for PBXNativeTarget "ScrapWidgetExtension" */ = {
			isa = XCConfigurationList;
			buildConfigurations = (
				BBEF41F82E744FA10079202D /* Debug */,
				BBEF41F92E744FA10079202D /* Release */,
			);
			defaultConfigurationIsVisible = 0;
			defaultConfigurationName = Release;
		};
/* End XCConfigurationList section */

/* Begin XCRemoteSwiftPackageReference section */
		BB304E762E6F72970054DD40 /* XCRemoteSwiftPackageReference "Amplitude-Swift" */ = {
			isa = XCRemoteSwiftPackageReference;
			repositoryURL = "https://github.com/amplitude/Amplitude-Swift";
			requirement = {
				kind = upToNextMajorVersion;
				minimumVersion = 1.9.0;
			};
		};
		BB304E762E6F72970054DD41 /* XCRemoteSwiftPackageReference "AmplitudeSessionReplay-iOS" */ = {
			isa = XCRemoteSwiftPackageReference;
			repositoryURL = "https://github.com/amplitude/AmplitudeSessionReplay-iOS";
			requirement = {
				branch = main;
				kind = branch;
			};
		};
		BB304E7B2E6F9EEA0054DD40 /* XCRemoteSwiftPackageReference "firebase-ios-sdk" */ = {
			isa = XCRemoteSwiftPackageReference;
			repositoryURL = "https://github.com/firebase/firebase-ios-sdk";
			requirement = {
				kind = upToNextMajorVersion;
				minimumVersion = 12.2.0;
			};
		};
		BB304E872E6FA8650054DD40 /* XCRemoteSwiftPackageReference "GoogleSignIn-iOS" */ = {
			isa = XCRemoteSwiftPackageReference;
			repositoryURL = "https://github.com/google/GoogleSignIn-iOS";
			requirement = {
				kind = upToNextMajorVersion;
				minimumVersion = 9.0.0;
			};
		};
/* End XCRemoteSwiftPackageReference section */

/* Begin XCSwiftPackageProductDependency section */
		BB304E772E6F72970054DD40 /* AmplitudeSwift */ = {
			isa = XCSwiftPackageProductDependency;
			package = BB304E762E6F72970054DD40 /* XCRemoteSwiftPackageReference "Amplitude-Swift" */;
			productName = AmplitudeSwift;
		};
		BB304E772E6F72970054DD42 /* AmplitudeSwiftSessionReplayPlugin */ = {
			isa = XCSwiftPackageProductDependency;
			package = BB304E762E6F72970054DD41 /* XCRemoteSwiftPackageReference "AmplitudeSessionReplay-iOS" */;
			productName = AmplitudeSwiftSessionReplayPlugin;
		};
		BB304E7C2E6F9EEA0054DD40 /* FirebaseAuth */ = {
			isa = XCSwiftPackageProductDependency;
			package = BB304E7B2E6F9EEA0054DD40 /* XCRemoteSwiftPackageReference "firebase-ios-sdk" */;
			productName = FirebaseAuth;
		};
		BB304E7E2E6F9EEA0054DD40 /* FirebaseCore */ = {
			isa = XCSwiftPackageProductDependency;
			package = BB304E7B2E6F9EEA0054DD40 /* XCRemoteSwiftPackageReference "firebase-ios-sdk" */;
			productName = FirebaseCore;
		};
		BB304E802E6F9EEA0054DD40 /* FirebaseFirestore */ = {
			isa = XCSwiftPackageProductDependency;
			package = BB304E7B2E6F9EEA0054DD40 /* XCRemoteSwiftPackageReference "firebase-ios-sdk" */;
			productName = FirebaseFirestore;
		};
		BB304E822E6F9F0A0054DD40 /* FirebaseFunctions */ = {
			isa = XCSwiftPackageProductDependency;
			package = BB304E7B2E6F9EEA0054DD40 /* XCRemoteSwiftPackageReference "firebase-ios-sdk" */;
			productName = FirebaseFunctions;
		};
		BB304E842E6F9F0A0054DD40 /* FirebaseStorage */ = {
			isa = XCSwiftPackageProductDependency;
			package = BB304E7B2E6F9EEA0054DD40 /* XCRemoteSwiftPackageReference "firebase-ios-sdk" */;
			productName = FirebaseStorage;
		};
		BB304E882E6FA8650054DD40 /* GoogleSignIn */ = {
			isa = XCSwiftPackageProductDependency;
			package = BB304E872E6FA8650054DD40 /* XCRemoteSwiftPackageReference "GoogleSignIn-iOS" */;
			productName = GoogleSignIn;
		};
		BB304E8A2E6FA8650054DD40 /* GoogleSignInSwift */ = {
			isa = XCSwiftPackageProductDependency;
			package = BB304E872E6FA8650054DD40 /* XCRemoteSwiftPackageReference "GoogleSignIn-iOS" */;
			productName = GoogleSignInSwift;
		};
/* End XCSwiftPackageProductDependency section */
	};
	rootObject = 1D1A2B1E2B1234567890ABCA /* Project object */;
}
